{
  "nodes": {
    "blivedm": {
      "flake": false,
      "locked": {
        "lastModified": 1778249310,
        "narHash": "sha256-zKsjq6wI1fhINIqQhn+K4AF35p4ksVZe4+ZVh52EQKw=",
        "owner": "xfgryujk",
        "repo": "blivedm",
        "rev": "8727ca9f8340e9c1e20e473eb1757bffb56c66f6",
        "type": "github"
      },
      "original": {
        "owner": "xfgryujk",
        "repo": "blivedm",
        "rev": "8727ca9f8340e9c1e20e473eb1757bffb56c66f6",
        "type": "github"
      }
    },
    "nixpkgs": {
      "locked": {
        "lastModified": 1788179007,
        "narHash": "sha256-hn1oU2rue2SYK8dAr8+WNZWtbsz1S2W5mnHlSEuh3bo=",
        "owner": "NixOS",
        "repo": "nixpkgs",
        "rev": "34ab99075ac4f7e40cf037eef32cb1c360bb85e9",
        "type": "github"
      },
      "original": {
        "owner": "NixOS",
        "ref": "nixos-unstable",
        "repo": "nixpkgs",
        "type": "github"
      }
    },
    "root": {
      "inputs": {
        "blivedm": "blivedm",
        "nixpkgs": "nixpkgs"
      }
    }
  },
  "root": "root",
  "version": 7
}
